schema: '2.0'
stages:
  ingest:
    cmd: python -m src.main ingest mouad
    deps:
    - path: config/config.yaml
      hash: md5
      md5: 7b473c31ba648b7bdb891f15b056b9ee
      size: 257
    - path: data/mouad/
      hash: md5
      md5: 13d6e0e1d8441411c1a5884378bd9df6.dir
      size: 28190934
      nfiles: 20
    - path: src/core/logger.py
      hash: md5
      md5: 18904f790603b4d798c633bf318317fd
      size: 1457
    - path: src/core/utils.py
      hash: md5
      md5: d9cd50008594da004d5a1510514859e3
      size: 3201
    - path: src/main.py
      hash: md5
      md5: 220e7a804cef79b0452f1f0016d0c0d8
      size: 1309
    - path: src/pipeline/ingestor.py
      hash: md5
      md5: ded0ff755c1772e9b77fd3c02d5f5754
      size: 7201
    outs:
    - path: storage/chunks_mouad.json
      hash: md5
      md5: 6d15f258ce06237ba185e438d16fd918
      size: 658952
  index:
    cmd: python -m src.main index mouad
    deps:
    - path: config/config.yaml
      hash: md5
      md5: 7b473c31ba648b7bdb891f15b056b9ee
      size: 257
    - path: src/core/logger.py
      hash: md5
      md5: 18904f790603b4d798c633bf318317fd
      size: 1457
    - path: src/core/utils.py
      hash: md5
      md5: d9cd50008594da004d5a1510514859e3
      size: 3201
    - path: src/main.py
      hash: md5
      md5: 220e7a804cef79b0452f1f0016d0c0d8
      size: 1309
    - path: src/pipeline/indexer.py
      hash: md5
      md5: 12555c80d016d2f8e42f4d824c7a7cdb
      size: 5520
    - path: storage/chunks_mouad.json
      hash: md5
      md5: 6d15f258ce06237ba185e438d16fd918
      size: 658952
    outs:
    - path: storage/vector_db
      hash: md5
      md5: 702c9ec6d96c282cd20aafead028a0e3.dir
      size: 7930836
      nfiles: 6
  search:
    cmd: python -m src.main search mouad
    deps:
    - path: config/config.yaml
      hash: md5
      md5: 7b473c31ba648b7bdb891f15b056b9ee
      size: 257
    - path: src/core/logger.py
      hash: md5
      md5: 18904f790603b4d798c633bf318317fd
      size: 1457
    - path: src/core/utils.py
      hash: md5
      md5: d9cd50008594da004d5a1510514859e3
      size: 3201
    - path: src/main.py
      hash: md5
      md5: 220e7a804cef79b0452f1f0016d0c0d8
      size: 1309
    - path: src/pipeline/searcher.py
      hash: md5
      md5: c1364a81dd9b4b0b00b5131c718c779b
      size: 4484
    - path: storage/vector_db
      hash: md5
      md5: caa632b4ddb09dcfa06c67fe1441235d.dir
      size: 7930836
      nfiles: 6
  answer:
    cmd: python -m src.main answer mouad
    deps:
    - path: config/config.yaml
      hash: md5
      md5: 7b473c31ba648b7bdb891f15b056b9ee
      size: 257
    - path: src/core/logger.py
      hash: md5
      md5: 18904f790603b4d798c633bf318317fd
      size: 1457
    - path: src/core/utils.py
      hash: md5
      md5: d9cd50008594da004d5a1510514859e3
      size: 3201
    - path: src/main.py
      hash: md5
      md5: 220e7a804cef79b0452f1f0016d0c0d8
      size: 1309
    - path: src/pipeline/answerer.py
      hash: md5
      md5: 557f9a2706643e983c6ba23152ea5666
      size: 4235
    - path: src/pipeline/searcher.py
      hash: md5
      md5: c1364a81dd9b4b0b00b5131c718c779b
      size: 4484
    - path: storage/vector_db
      hash: md5
      md5: 9a5c62d20d03395c5dba2b4823672d72.dir
      size: 7930836
      nfiles: 6
