schema: '2.0'
stages:
  ingest:
    cmd: python -m src.main ingest mouad
    deps:
    - path: config/config.yaml
      hash: md5
      md5: 7b473c31ba648b7bdb891f15b056b9ee
      size: 257
    - path: data/mouad/
      hash: md5
      md5: da04dd58e41fc967be7f04d6df860267.dir
      size: 51880
      nfiles: 1
    - path: src/core/logger.py
      hash: md5
      md5: 18904f790603b4d798c633bf318317fd
      size: 1457
    - path: src/core/utils.py
      hash: md5
      md5: d9cd50008594da004d5a1510514859e3
      size: 3201
    - path: src/main.py
      hash: md5
      md5: 220e7a804cef79b0452f1f0016d0c0d8
      size: 1309
    - path: src/pipeline/ingestor.py
      hash: md5
      md5: ded0ff755c1772e9b77fd3c02d5f5754
      size: 7201
    outs:
    - path: storage/chunks_mouad.json
      hash: md5
      md5: 807ef7ceea10effc0187c1bdef169b9c
      size: 64116
  index:
    cmd: python -m src.main index mouad
    deps:
    - path: config/config.yaml
      hash: md5
      md5: 7b473c31ba648b7bdb891f15b056b9ee
      size: 257
    - path: src/core/logger.py
      hash: md5
      md5: 18904f790603b4d798c633bf318317fd
      size: 1457
    - path: src/core/utils.py
      hash: md5
      md5: d9cd50008594da004d5a1510514859e3
      size: 3201
    - path: src/main.py
      hash: md5
      md5: 220e7a804cef79b0452f1f0016d0c0d8
      size: 1309
    - path: src/pipeline/indexer.py
      hash: md5
      md5: 12555c80d016d2f8e42f4d824c7a7cdb
      size: 5520
    - path: storage/chunks_mouad.json
      hash: md5
      md5: 807ef7ceea10effc0187c1bdef169b9c
      size: 64116
    outs:
    - path: storage/vector_db
      hash: md5
      md5: ec43ccf5ad544c06699222129a54b7b6.dir
      size: 1245348
      nfiles: 5
  search:
    cmd: python -m src.main search mouad
    deps:
    - path: config/config.yaml
      hash: md5
      md5: 7b473c31ba648b7bdb891f15b056b9ee
      size: 257
    - path: src/core/logger.py
      hash: md5
      md5: 18904f790603b4d798c633bf318317fd
      size: 1457
    - path: src/core/utils.py
      hash: md5
      md5: d9cd50008594da004d5a1510514859e3
      size: 3201
    - path: src/main.py
      hash: md5
      md5: 220e7a804cef79b0452f1f0016d0c0d8
      size: 1309
    - path: src/pipeline/searcher.py
      hash: md5
      md5: c1364a81dd9b4b0b00b5131c718c779b
      size: 4484
    - path: storage/vector_db
      hash: md5
      md5: 01dda9861fd0ca8044ab396c9cfd9f22.dir
      size: 1245348
      nfiles: 5
  answer:
    cmd: python -m src.main answer mouad
    deps:
    - path: config/config.yaml
      hash: md5
      md5: 7b473c31ba648b7bdb891f15b056b9ee
      size: 257
    - path: src/core/logger.py
      hash: md5
      md5: 18904f790603b4d798c633bf318317fd
      size: 1457
    - path: src/core/utils.py
      hash: md5
      md5: d9cd50008594da004d5a1510514859e3
      size: 3201
    - path: src/main.py
      hash: md5
      md5: 220e7a804cef79b0452f1f0016d0c0d8
      size: 1309
    - path: src/pipeline/answerer.py
      hash: md5
      md5: f8835f543c4dc98e488199c21deeea01
      size: 4273
    - path: src/pipeline/searcher.py
      hash: md5
      md5: c1364a81dd9b4b0b00b5131c718c779b
      size: 4484
    - path: storage/vector_db
      hash: md5
      md5: c5093a451427eb570df18e7b7febbfe4.dir
      size: 1245348
      nfiles: 5
